// !$*UTF8*$!
{
	archiveVersion = 1;
	classes = {
	};
	objectVersion = 46;
	objects = {

/* Begin PBXBuildFile section */
		FD0311CE15AF1BDE00A39A52 /* StatisticsViewController.m in Sources */ = {isa = PBXBuildFile; fileRef = FD0311CD15AF1BDE00A39A52 /* StatisticsViewController.m */; };
		FD0311D115B027EC00A39A52 /* AboutViewController.m in Sources */ = {isa = PBXBuildFile; fileRef = FD0311D015B027EC00A39A52 /* AboutViewController.m */; };
		FD0311D415B0282900A39A52 /* FuselStatistics.m in Sources */ = {isa = PBXBuildFile; fileRef = FD0311D315B0282900A39A52 /* FuselStatistics.m */; };
		FD0311D815B2246200A39A52 /* FuselMenuTableViewController.m in Sources */ = {isa = PBXBuildFile; fileRef = FD0311D715B2246200A39A52 /* FuselMenuTableViewController.m */; };
		FD0311DB15B225AC00A39A52 /* FuselMenuHeaderView.m in Sources */ = {isa = PBXBuildFile; fileRef = FD0311DA15B225AC00A39A52 /* FuselMenuHeaderView.m */; };
		FD07D798160203DC0096555D /* Default-568h@2x.png in Resources */ = {isa = PBXBuildFile; fileRef = FD07D797160203DC0096555D /* Default-568h@2x.png */; };
		FD07D79B16020E2C0096555D /* Movable-568h@2x.png in Resources */ = {isa = PBXBuildFile; fileRef = FD07D79A16020E2C0096555D /* Movable-568h@2x.png */; };
		FD07D79D160210F10096555D /* Social.framework in Frameworks */ = {isa = PBXBuildFile; fileRef = FD07D79C160210F10096555D /* Social.framework */; };
		FD15C71015B24FDB005D29E7 /* FuselMenuCell.m in Sources */ = {isa = PBXBuildFile; fileRef = FD15C70F15B24FDB005D29E7 /* FuselMenuCell.m */; };
		FD15C71415B25D62005D29E7 /* FuselResultMenuHeaderView.m in Sources */ = {isa = PBXBuildFile; fileRef = FD15C71315B25D62005D29E7 /* FuselResultMenuHeaderView.m */; };
		FD15C71615B2E90D005D29E7 /* Twitter.framework in Frameworks */ = {isa = PBXBuildFile; fileRef = FD15C71515B2E90D005D29E7 /* Twitter.framework */; };
		FD15C71A15B4B555005D29E7 /* icon114x114.png in Resources */ = {isa = PBXBuildFile; fileRef = FD15C71915B4B555005D29E7 /* icon114x114.png */; };
		FD15C71C15B4B591005D29E7 /* icon57x57.png in Resources */ = {isa = PBXBuildFile; fileRef = FD15C71B15B4B591005D29E7 /* icon57x57.png */; };
		FD2E76F715BC4DEB00D63CC6 /* Movable.png in Resources */ = {isa = PBXBuildFile; fileRef = FD2E76F515BC4DEB00D63CC6 /* Movable.png */; };
		FD2E76F815BC4DEB00D63CC6 /* Movable@2x.png in Resources */ = {isa = PBXBuildFile; fileRef = FD2E76F615BC4DEB00D63CC6 /* Movable@2x.png */; };
		FD7ACD2615B5ECB5009E9ABD /* icon144x144.png in Resources */ = {isa = PBXBuildFile; fileRef = FD7ACD2515B5ECB5009E9ABD /* icon144x144.png */; };
		FD7ACD2915B5EDED009E9ABD /* icon72x72.png in Resources */ = {isa = PBXBuildFile; fileRef = FD7ACD2815B5EDED009E9ABD /* icon72x72.png */; };
		FD7ACD2B15B5FEE7009E9ABD /* Default.png in Resources */ = {isa = PBXBuildFile; fileRef = FD7ACD2A15B5FEE7009E9ABD /* Default.png */; };
		FD7ACD2D15B5FEF8009E9ABD /* Default@2x.png in Resources */ = {isa = PBXBuildFile; fileRef = FD7ACD2C15B5FEF8009E9ABD /* Default@2x.png */; };
		FD9C3CB615A9F34F00B1A75F /* Wood.png in Resources */ = {isa = PBXBuildFile; fileRef = FD9C3CB415A9F34F00B1A75F /* Wood.png */; };
		FD9C3CB715A9F34F00B1A75F /* Wood@2x.png in Resources */ = {isa = PBXBuildFile; fileRef = FD9C3CB515A9F34F00B1A75F /* Wood@2x.png */; };
		FD9C3CBA15A9F55A00B1A75F /* FuselMainViewController.m in Sources */ = {isa = PBXBuildFile; fileRef = FD9C3CB915A9F55A00B1A75F /* FuselMainViewController.m */; };
		FD9C3CCB15AA0BCA00B1A75F /* FuselResultViewController.m in Sources */ = {isa = PBXBuildFile; fileRef = FD9C3CCA15AA0BCA00B1A75F /* FuselResultViewController.m */; };
		FD9C3CCD15AB37E900B1A75F /* GameKit.framework in Frameworks */ = {isa = PBXBuildFile; fileRef = FD9C3CCC15AB37E900B1A75F /* GameKit.framework */; };
		FD9C3CD215AB42F400B1A75F /* Localizable.strings in Resources */ = {isa = PBXBuildFile; fileRef = FD9C3CD415AB42F400B1A75F /* Localizable.strings */; };
		FDCA524F15A8D02100D67E0C /* UIKit.framework in Frameworks */ = {isa = PBXBuildFile; fileRef = FDCA524E15A8D02100D67E0C /* UIKit.framework */; };
		FDCA525115A8D02100D67E0C /* Foundation.framework in Frameworks */ = {isa = PBXBuildFile; fileRef = FDCA525015A8D02100D67E0C /* Foundation.framework */; };
		FDCA525315A8D02100D67E0C /* CoreGraphics.framework in Frameworks */ = {isa = PBXBuildFile; fileRef = FDCA525215A8D02100D67E0C /* CoreGraphics.framework */; };
		FDCA525B15A8D02100D67E0C /* main.m in Sources */ = {isa = PBXBuildFile; fileRef = FDCA525A15A8D02100D67E0C /* main.m */; };
		FDCA525F15A8D02100D67E0C /* FuselAppDelegate.m in Sources */ = {isa = PBXBuildFile; fileRef = FDCA525E15A8D02100D67E0C /* FuselAppDelegate.m */; };
		FDCA526715A8D28100D67E0C /* FuselLevel.m in Sources */ = {isa = PBXBuildFile; fileRef = FDCA526615A8D28100D67E0C /* FuselLevel.m */; };
		FDCA527315A8D46100D67E0C /* Fusel.m in Sources */ = {isa = PBXBuildFile; fileRef = FDCA527215A8D46100D67E0C /* Fusel.m */; };
		FDCA528015A8EDE600D67E0C /* FuselLevelView.m in Sources */ = {isa = PBXBuildFile; fileRef = FDCA527F15A8EDE600D67E0C /* FuselLevelView.m */; };
		FDCA528315A8FD0A00D67E0C /* FuselLevelViewController.m in Sources */ = {isa = PBXBuildFile; fileRef = FDCA528215A8FD0A00D67E0C /* FuselLevelViewController.m */; };
		FDCA528E15A98FEB00D67E0C /* Texture@2x.png in Resources */ = {isa = PBXBuildFile; fileRef = FDCA528C15A98FEB00D67E0C /* Texture@2x.png */; };
		FDCA528F15A98FEB00D67E0C /* Texture.png in Resources */ = {isa = PBXBuildFile; fileRef = FDCA528D15A98FEB00D67E0C /* Texture.png */; };
/* End PBXBuildFile section */

/* Begin PBXFileReference section */
		FD0311CC15AF1BDE00A39A52 /* StatisticsViewController.h */ = {isa = PBXFileReference; fileEncoding = 4; lastKnownFileType = sourcecode.c.h; path = StatisticsViewController.h; sourceTree = "<group>"; };
		FD0311CD15AF1BDE00A39A52 /* StatisticsViewController.m */ = {isa = PBXFileReference; fileEncoding = 4; lastKnownFileType = sourcecode.c.objc; path = StatisticsViewController.m; sourceTree = "<group>"; };
		FD0311CF15B027EB00A39A52 /* AboutViewController.h */ = {isa = PBXFileReference; fileEncoding = 4; lastKnownFileType = sourcecode.c.h; path = AboutViewController.h; sourceTree = "<group>"; };
		FD0311D015B027EC00A39A52 /* AboutViewController.m */ = {isa = PBXFileReference; fileEncoding = 4; lastKnownFileType = sourcecode.c.objc; path = AboutViewController.m; sourceTree = "<group>"; };
		FD0311D215B0282900A39A52 /* FuselStatistics.h */ = {isa = PBXFileReference; fileEncoding = 4; lastKnownFileType = sourcecode.c.h; path = FuselStatistics.h; sourceTree = "<group>"; };
		FD0311D315B0282900A39A52 /* FuselStatistics.m */ = {isa = PBXFileReference; fileEncoding = 4; lastKnownFileType = sourcecode.c.objc; path = FuselStatistics.m; sourceTree = "<group>"; };
		FD0311D615B2246200A39A52 /* FuselMenuTableViewController.h */ = {isa = PBXFileReference; fileEncoding = 4; lastKnownFileType = sourcecode.c.h; path = FuselMenuTableViewController.h; sourceTree = "<group>"; };
		FD0311D715B2246200A39A52 /* FuselMenuTableViewController.m */ = {isa = PBXFileReference; fileEncoding = 4; lastKnownFileType = sourcecode.c.objc; path = FuselMenuTableViewController.m; sourceTree = "<group>"; };
		FD0311D915B225AC00A39A52 /* FuselMenuHeaderView.h */ = {isa = PBXFileReference; fileEncoding = 4; lastKnownFileType = sourcecode.c.h; path = FuselMenuHeaderView.h; sourceTree = "<group>"; };
		FD0311DA15B225AC00A39A52 /* FuselMenuHeaderView.m */ = {isa = PBXFileReference; fileEncoding = 4; lastKnownFileType = sourcecode.c.objc; path = FuselMenuHeaderView.m; sourceTree = "<group>"; };
		FD07D797160203DC0096555D /* Default-568h@2x.png */ = {isa = PBXFileReference; lastKnownFileType = image.png; name = "Default-568h@2x.png"; path = "../Default-568h@2x.png"; sourceTree = "<group>"; };
		FD07D79A16020E2C0096555D /* Movable-568h@2x.png */ = {isa = PBXFileReference; lastKnownFileType = image.png; path = "Movable-568h@2x.png"; sourceTree = "<group>"; };
		FD07D79C160210F10096555D /* Social.framework */ = {isa = PBXFileReference; lastKnownFileType = wrapper.framework; name = Social.framework; path = System/Library/Frameworks/Social.framework; sourceTree = SDKROOT; };
		FD15C70E15B24FDB005D29E7 /* FuselMenuCell.h */ = {isa = PBXFileReference; fileEncoding = 4; lastKnownFileType = sourcecode.c.h; path = FuselMenuCell.h; sourceTree = "<group>"; };
		FD15C70F15B24FDB005D29E7 /* FuselMenuCell.m */ = {isa = PBXFileReference; fileEncoding = 4; lastKnownFileType = sourcecode.c.objc; path = FuselMenuCell.m; sourceTree = "<group>"; };
		FD15C71215B25D62005D29E7 /* FuselResultMenuHeaderView.h */ = {isa = PBXFileReference; fileEncoding = 4; lastKnownFileType = sourcecode.c.h; path = FuselResultMenuHeaderView.h; sourceTree = "<group>"; };
		FD15C71315B25D62005D29E7 /* FuselResultMenuHeaderView.m */ = {isa = PBXFileReference; fileEncoding = 4; lastKnownFileType = sourcecode.c.objc; path = FuselResultMenuHeaderView.m; sourceTree = "<group>"; };
		FD15C71515B2E90D005D29E7 /* Twitter.framework */ = {isa = PBXFileReference; lastKnownFileType = wrapper.framework; name = Twitter.framework; path = System/Library/Frameworks/Twitter.framework; sourceTree = SDKROOT; };
		FD15C71915B4B555005D29E7 /* icon114x114.png */ = {isa = PBXFileReference; lastKnownFileType = image.png; name = icon114x114.png; path = ../icon114x114.png; sourceTree = "<group>"; };
		FD15C71B15B4B591005D29E7 /* icon57x57.png */ = {isa = PBXFileReference; lastKnownFileType = image.png; name = icon57x57.png; path = ../icon57x57.png; sourceTree = "<group>"; };
		FD2E76F515BC4DEB00D63CC6 /* Movable.png */ = {isa = PBXFileReference; lastKnownFileType = image.png; path = Movable.png; sourceTree = "<group>"; };
		FD2E76F615BC4DEB00D63CC6 /* Movable@2x.png */ = {isa = PBXFileReference; lastKnownFileType = image.png; path = "Movable@2x.png"; sourceTree = "<group>"; };
		FD7ACD2515B5ECB5009E9ABD /* icon144x144.png */ = {isa = PBXFileReference; lastKnownFileType = image.png; path = icon144x144.png; sourceTree = "<group>"; };
		FD7ACD2815B5EDED009E9ABD /* icon72x72.png */ = {isa = PBXFileReference; lastKnownFileType = image.png; path = icon72x72.png; sourceTree = "<group>"; };
		FD7ACD2A15B5FEE7009E9ABD /* Default.png */ = {isa = PBXFileReference; lastKnownFileType = image.png; name = Default.png; path = ../Default.png; sourceTree = "<group>"; };
		FD7ACD2C15B5FEF8009E9ABD /* Default@2x.png */ = {isa = PBXFileReference; lastKnownFileType = image.png; name = "Default@2x.png"; path = "../Default@2x.png"; sourceTree = "<group>"; };
		FD9C3CB415A9F34F00B1A75F /* Wood.png */ = {isa = PBXFileReference; lastKnownFileType = image.png; path = Wood.png; sourceTree = "<group>"; };
		FD9C3CB515A9F34F00B1A75F /* Wood@2x.png */ = {isa = PBXFileReference; lastKnownFileType = image.png; path = "Wood@2x.png"; sourceTree = "<group>"; };
		FD9C3CB815A9F55A00B1A75F /* FuselMainViewController.h */ = {isa = PBXFileReference; fileEncoding = 4; lastKnownFileType = sourcecode.c.h; path = FuselMainViewController.h; sourceTree = "<group>"; };
		FD9C3CB915A9F55A00B1A75F /* FuselMainViewController.m */ = {isa = PBXFileReference; fileEncoding = 4; lastKnownFileType = sourcecode.c.objc; path = FuselMainViewController.m; sourceTree = "<group>"; };
		FD9C3CC915AA0BCA00B1A75F /* FuselResultViewController.h */ = {isa = PBXFileReference; fileEncoding = 4; lastKnownFileType = sourcecode.c.h; path = FuselResultViewController.h; sourceTree = "<group>"; };
		FD9C3CCA15AA0BCA00B1A75F /* FuselResultViewController.m */ = {isa = PBXFileReference; fileEncoding = 4; lastKnownFileType = sourcecode.c.objc; path = FuselResultViewController.m; sourceTree = "<group>"; };
		FD9C3CCC15AB37E900B1A75F /* GameKit.framework */ = {isa = PBXFileReference; lastKnownFileType = wrapper.framework; name = GameKit.framework; path = System/Library/Frameworks/GameKit.framework; sourceTree = SDKROOT; };
		FD9C3CD315AB42F400B1A75F /* en */ = {isa = PBXFileReference; lastKnownFileType = text.plist.strings; name = en; path = en.lproj/Localizable.strings; sourceTree = "<group>"; };
		FD9C3CD515AB430F00B1A75F /* de */ = {isa = PBXFileReference; lastKnownFileType = text.plist.strings; name = de; path = /Users/ffraenz/Documents/the2f/Projects/Fusel/Fusel/de.lproj/Localizable.strings; sourceTree = "<absolute>"; };
		FDCA524A15A8D02100D67E0C /* Fusel.app */ = {isa = PBXFileReference; explicitFileType = wrapper.application; includeInIndex = 0; path = Fusel.app; sourceTree = BUILT_PRODUCTS_DIR; };
		FDCA524E15A8D02100D67E0C /* UIKit.framework */ = {isa = PBXFileReference; lastKnownFileType = wrapper.framework; name = UIKit.framework; path = System/Library/Frameworks/UIKit.framework; sourceTree = SDKROOT; };
		FDCA525015A8D02100D67E0C /* Foundation.framework */ = {isa = PBXFileReference; lastKnownFileType = wrapper.framework; name = Foundation.framework; path = System/Library/Frameworks/Foundation.framework; sourceTree = SDKROOT; };
		FDCA525215A8D02100D67E0C /* CoreGraphics.framework */ = {isa = PBXFileReference; lastKnownFileType = wrapper.framework; name = CoreGraphics.framework; path = System/Library/Frameworks/CoreGraphics.framework; sourceTree = SDKROOT; };
		FDCA525615A8D02100D67E0C /* Fusel-Info.plist */ = {isa = PBXFileReference; lastKnownFileType = text.plist.xml; path = "Fusel-Info.plist"; sourceTree = "<group>"; };
		FDCA525A15A8D02100D67E0C /* main.m */ = {isa = PBXFileReference; lastKnownFileType = sourcecode.c.objc; path = main.m; sourceTree = "<group>"; };
		FDCA525C15A8D02100D67E0C /* Fusel-Prefix.pch */ = {isa = PBXFileReference; lastKnownFileType = sourcecode.c.h; path = "Fusel-Prefix.pch"; sourceTree = "<group>"; };
		FDCA525D15A8D02100D67E0C /* FuselAppDelegate.h */ = {isa = PBXFileReference; lastKnownFileType = sourcecode.c.h; path = FuselAppDelegate.h; sourceTree = "<group>"; };
		FDCA525E15A8D02100D67E0C /* FuselAppDelegate.m */ = {isa = PBXFileReference; lastKnownFileType = sourcecode.c.objc; path = FuselAppDelegate.m; sourceTree = "<group>"; };
		FDCA526515A8D28100D67E0C /* FuselLevel.h */ = {isa = PBXFileReference; fileEncoding = 4; lastKnownFileType = sourcecode.c.h; path = FuselLevel.h; sourceTree = "<group>"; };
		FDCA526615A8D28100D67E0C /* FuselLevel.m */ = {isa = PBXFileReference; fileEncoding = 4; lastKnownFileType = sourcecode.c.objc; path = FuselLevel.m; sourceTree = "<group>"; };
		FDCA527115A8D46100D67E0C /* Fusel.h */ = {isa = PBXFileReference; fileEncoding = 4; lastKnownFileType = sourcecode.c.h; path = Fusel.h; sourceTree = "<group>"; };
		FDCA527215A8D46100D67E0C /* Fusel.m */ = {isa = PBXFileReference; fileEncoding = 4; lastKnownFileType = sourcecode.c.objc; path = Fusel.m; sourceTree = "<group>"; };
		FDCA527E15A8EDE600D67E0C /* FuselLevelView.h */ = {isa = PBXFileReference; fileEncoding = 4; lastKnownFileType = sourcecode.c.h; path = FuselLevelView.h; sourceTree = "<group>"; };
		FDCA527F15A8EDE600D67E0C /* FuselLevelView.m */ = {isa = PBXFileReference; fileEncoding = 4; lastKnownFileType = sourcecode.c.objc; path = FuselLevelView.m; sourceTree = "<group>"; };
		FDCA528115A8FD0A00D67E0C /* FuselLevelViewController.h */ = {isa = PBXFileReference; fileEncoding = 4; lastKnownFileType = sourcecode.c.h; path = FuselLevelViewController.h; sourceTree = "<group>"; };
		FDCA528215A8FD0A00D67E0C /* FuselLevelViewController.m */ = {isa = PBXFileReference; fileEncoding = 4; lastKnownFileType = sourcecode.c.objc; path = FuselLevelViewController.m; sourceTree = "<group>"; };
		FDCA528C15A98FEB00D67E0C /* Texture@2x.png */ = {isa = PBXFileReference; lastKnownFileType = image.png; path = "Texture@2x.png"; sourceTree = "<group>"; };
		FDCA528D15A98FEB00D67E0C /* Texture.png */ = {isa = PBXFileReference; lastKnownFileType = image.png; path = Texture.png; sourceTree = "<group>"; };
/* End PBXFileReference section */

/* Begin PBXFrameworksBuildPhase section */
		FDCA524715A8D02100D67E0C /* Frameworks */ = {
			isa = PBXFrameworksBuildPhase;
			buildActionMask = 2147483647;
			files = (
				FD07D79D160210F10096555D /* Social.framework in Frameworks */,
				FD15C71615B2E90D005D29E7 /* Twitter.framework in Frameworks */,
				FD9C3CCD15AB37E900B1A75F /* GameKit.framework in Frameworks */,
				FDCA524F15A8D02100D67E0C /* UIKit.framework in Frameworks */,
				FDCA525115A8D02100D67E0C /* Foundation.framework in Frameworks */,
				FDCA525315A8D02100D67E0C /* CoreGraphics.framework in Frameworks */,
			);
			runOnlyForDeploymentPostprocessing = 0;
		};
/* End PBXFrameworksBuildPhase section */

/* Begin PBXGroup section */
		FD0311D515B2240B00A39A52 /* Common */ = {
			isa = PBXGroup;
			children = (
				FD0311D615B2246200A39A52 /* FuselMenuTableViewController.h */,
				FD0311D715B2246200A39A52 /* FuselMenuTableViewController.m */,
			);
			name = Common;
			sourceTree = "<group>";
		};
		FD15C71115B25514005D29E7 /* FuselMenuTableView */ = {
			isa = PBXGroup;
			children = (
				FD0311D915B225AC00A39A52 /* FuselMenuHeaderView.h */,
				FD0311DA15B225AC00A39A52 /* FuselMenuHeaderView.m */,
				FD15C71215B25D62005D29E7 /* FuselResultMenuHeaderView.h */,
				FD15C71315B25D62005D29E7 /* FuselResultMenuHeaderView.m */,
				FD15C70E15B24FDB005D29E7 /* FuselMenuCell.h */,
				FD15C70F15B24FDB005D29E7 /* FuselMenuCell.m */,
			);
			name = FuselMenuTableView;
			sourceTree = "<group>";
		};
		FD7ACD2E15B5FF07009E9ABD /* Resources */ = {
			isa = PBXGroup;
			children = (
				FD15C71B15B4B591005D29E7 /* icon57x57.png */,
				FD7ACD2815B5EDED009E9ABD /* icon72x72.png */,
				FD15C71915B4B555005D29E7 /* icon114x114.png */,
				FD7ACD2515B5ECB5009E9ABD /* icon144x144.png */,
				FD7ACD2C15B5FEF8009E9ABD /* Default@2x.png */,
				FD7ACD2A15B5FEE7009E9ABD /* Default.png */,
				FD07D797160203DC0096555D /* Default-568h@2x.png */,
				FD9C3CB515A9F34F00B1A75F /* Wood@2x.png */,
				FD9C3CB415A9F34F00B1A75F /* Wood.png */,
				FDCA528C15A98FEB00D67E0C /* Texture@2x.png */,
				FDCA528D15A98FEB00D67E0C /* Texture.png */,
				FD2E76F515BC4DEB00D63CC6 /* Movable.png */,
				FD2E76F615BC4DEB00D63CC6 /* Movable@2x.png */,
				FD07D79A16020E2C0096555D /* Movable-568h@2x.png */,
			);
			name = Resources;
			sourceTree = "<group>";
		};
		FDCA523F15A8D02100D67E0C = {
			isa = PBXGroup;
			children = (
				FD9C3CD415AB42F400B1A75F /* Localizable.strings */,
				FDCA525415A8D02100D67E0C /* Fusel */,
				FDCA524D15A8D02100D67E0C /* Frameworks */,
				FDCA524B15A8D02100D67E0C /* Products */,
			);
			sourceTree = "<group>";
		};
		FDCA524B15A8D02100D67E0C /* Products */ = {
			isa = PBXGroup;
			children = (
				FDCA524A15A8D02100D67E0C /* Fusel.app */,
			);
			name = Products;
			sourceTree = "<group>";
		};
		FDCA524D15A8D02100D67E0C /* Frameworks */ = {
			isa = PBXGroup;
			children = (
				FD07D79C160210F10096555D /* Social.framework */,
				FD15C71515B2E90D005D29E7 /* Twitter.framework */,
				FD9C3CCC15AB37E900B1A75F /* GameKit.framework */,
				FDCA524E15A8D02100D67E0C /* UIKit.framework */,
				FDCA525015A8D02100D67E0C /* Foundation.framework */,
				FDCA525215A8D02100D67E0C /* CoreGraphics.framework */,
			);
			name = Frameworks;
			sourceTree = "<group>";
		};
		FDCA525415A8D02100D67E0C /* Fusel */ = {
			isa = PBXGroup;
			children = (
				FDCA525D15A8D02100D67E0C /* FuselAppDelegate.h */,
				FDCA525E15A8D02100D67E0C /* FuselAppDelegate.m */,
				FD7ACD2E15B5FF07009E9ABD /* Resources */,
				FDCA526D15A8D39B00D67E0C /* Controller */,
				FDCA526C15A8D39700D67E0C /* View */,
				FDCA526B15A8D39000D67E0C /* Model */,
				FDCA525515A8D02100D67E0C /* Supporting Files */,
			);
			path = Fusel;
			sourceTree = "<group>";
		};
		FDCA525515A8D02100D67E0C /* Supporting Files */ = {
			isa = PBXGroup;
			children = (
				FDCA525615A8D02100D67E0C /* Fusel-Info.plist */,
				FDCA525A15A8D02100D67E0C /* main.m */,
				FDCA525C15A8D02100D67E0C /* Fusel-Prefix.pch */,
			);
			name = "Supporting Files";
			sourceTree = "<group>";
		};
		FDCA526B15A8D39000D67E0C /* Model */ = {
			isa = PBXGroup;
			children = (
				FDCA526515A8D28100D67E0C /* FuselLevel.h */,
				FDCA526615A8D28100D67E0C /* FuselLevel.m */,
				FDCA527115A8D46100D67E0C /* Fusel.h */,
				FDCA527215A8D46100D67E0C /* Fusel.m */,
				FD0311D215B0282900A39A52 /* FuselStatistics.h */,
				FD0311D315B0282900A39A52 /* FuselStatistics.m */,
			);
			name = Model;
			sourceTree = "<group>";
		};
		FDCA526C15A8D39700D67E0C /* View */ = {
			isa = PBXGroup;
			children = (
				FD15C71115B25514005D29E7 /* FuselMenuTableView */,
				FDCA527E15A8EDE600D67E0C /* FuselLevelView.h */,
				FDCA527F15A8EDE600D67E0C /* FuselLevelView.m */,
			);
			name = View;
			sourceTree = "<group>";
		};
		FDCA526D15A8D39B00D67E0C /* Controller */ = {
			isa = PBXGroup;
			children = (
				FD9C3CB815A9F55A00B1A75F /* FuselMainViewController.h */,
				FD9C3CB915A9F55A00B1A75F /* FuselMainViewController.m */,
				FDCA528115A8FD0A00D67E0C /* FuselLevelViewController.h */,
				FDCA528215A8FD0A00D67E0C /* FuselLevelViewController.m */,
				FD9C3CC915AA0BCA00B1A75F /* FuselResultViewController.h */,
				FD9C3CCA15AA0BCA00B1A75F /* FuselResultViewController.m */,
				FD0311CC15AF1BDE00A39A52 /* StatisticsViewController.h */,
				FD0311CD15AF1BDE00A39A52 /* StatisticsViewController.m */,
				FD0311CF15B027EB00A39A52 /* AboutViewController.h */,
				FD0311D015B027EC00A39A52 /* AboutViewController.m */,
				FD0311D515B2240B00A39A52 /* Common */,
			);
			name = Controller;
			sourceTree = "<group>";
		};
/* End PBXGroup section */

/* Begin PBXNativeTarget section */
		FDCA524915A8D02100D67E0C /* Fusel */ = {
			isa = PBXNativeTarget;
			buildConfigurationList = FDCA526215A8D02100D67E0C /* Build configuration list for PBXNativeTarget "Fusel" */;
			buildPhases = (
				FDCA524615A8D02100D67E0C /* Sources */,
				FDCA524715A8D02100D67E0C /* Frameworks */,
				FDCA524815A8D02100D67E0C /* Resources */,
			);
			buildRules = (
			);
			dependencies = (
			);
			name = Fusel;
			productName = Fusel;
			productReference = FDCA524A15A8D02100D67E0C /* Fusel.app */;
			productType = "com.apple.product-type.application";
		};
/* End PBXNativeTarget section */

/* Begin PBXProject section */
		FDCA524115A8D02100D67E0C /* Project object */ = {
			isa = PBXProject;
			attributes = {
				CLASSPREFIX = Fusel;
				LastUpgradeCheck = 0430;
			};
			buildConfigurationList = FDCA524415A8D02100D67E0C /* Build configuration list for PBXProject "Fusel" */;
			compatibilityVersion = "Xcode 3.2";
			developmentRegion = English;
			hasScannedForEncodings = 0;
			knownRegions = (
				en,
			);
			mainGroup = FDCA523F15A8D02100D67E0C;
			productRefGroup = FDCA524B15A8D02100D67E0C /* Products */;
			projectDirPath = "";
			projectRoot = "";
			targets = (
				FDCA524915A8D02100D67E0C /* Fusel */,
			);
		};
/* End PBXProject section */

/* Begin PBXResourcesBuildPhase section */
		FDCA524815A8D02100D67E0C /* Resources */ = {
			isa = PBXResourcesBuildPhase;
			buildActionMask = 2147483647;
			files = (
				FDCA528E15A98FEB00D67E0C /* Texture@2x.png in Resources */,
				FDCA528F15A98FEB00D67E0C /* Texture.png in Resources */,
				FD9C3CB615A9F34F00B1A75F /* Wood.png in Resources */,
				FD9C3CB715A9F34F00B1A75F /* Wood@2x.png in Resources */,
				FD9C3CD215AB42F400B1A75F /* Localizable.strings in Resources */,
				FD15C71A15B4B555005D29E7 /* icon114x114.png in Resources */,
				FD15C71C15B4B591005D29E7 /* icon57x57.png in Resources */,
				FD7ACD2615B5ECB5009E9ABD /* icon144x144.png in Resources */,
				FD7ACD2915B5EDED009E9ABD /* icon72x72.png in Resources */,
				FD7ACD2B15B5FEE7009E9ABD /* Default.png in Resources */,
				FD7ACD2D15B5FEF8009E9ABD /* Default@2x.png in Resources */,
				FD2E76F715BC4DEB00D63CC6 /* Movable.png in Resources */,
				FD2E76F815BC4DEB00D63CC6 /* Movable@2x.png in Resources */,
				FD07D798160203DC0096555D /* Default-568h@2x.png in Resources */,
				FD07D79B16020E2C0096555D /* Movable-568h@2x.png in Resources */,
			);
			runOnlyForDeploymentPostprocessing = 0;
		};
/* End PBXResourcesBuildPhase section */

/* Begin PBXSourcesBuildPhase section */
		FDCA524615A8D02100D67E0C /* Sources */ = {
			isa = PBXSourcesBuildPhase;
			buildActionMask = 2147483647;
			files = (
				FDCA525B15A8D02100D67E0C /* main.m in Sources */,
				FDCA525F15A8D02100D67E0C /* FuselAppDelegate.m in Sources */,
				FDCA526715A8D28100D67E0C /* FuselLevel.m in Sources */,
				FDCA527315A8D46100D67E0C /* Fusel.m in Sources */,
				FDCA528015A8EDE600D67E0C /* FuselLevelView.m in Sources */,
				FDCA528315A8FD0A00D67E0C /* FuselLevelViewController.m in Sources */,
				FD9C3CBA15A9F55A00B1A75F /* FuselMainViewController.m in Sources */,
				FD9C3CCB15AA0BCA00B1A75F /* FuselResultViewController.m in Sources */,
				FD0311CE15AF1BDE00A39A52 /* StatisticsViewController.m in Sources */,
				FD0311D115B027EC00A39A52 /* AboutViewController.m in Sources */,
				FD0311D415B0282900A39A52 /* FuselStatistics.m in Sources */,
				FD0311D815B2246200A39A52 /* FuselMenuTableViewController.m in Sources */,
				FD0311DB15B225AC00A39A52 /* FuselMenuHeaderView.m in Sources */,
				FD15C71015B24FDB005D29E7 /* FuselMenuCell.m in Sources */,
				FD15C71415B25D62005D29E7 /* FuselResultMenuHeaderView.m in Sources */,
			);
			runOnlyForDeploymentPostprocessing = 0;
		};
/* End PBXSourcesBuildPhase section */

/* Begin PBXVariantGroup section */
		FD9C3CD415AB42F400B1A75F /* Localizable.strings */ = {
			isa = PBXVariantGroup;
			children = (
				FD9C3CD315AB42F400B1A75F /* en */,
				FD9C3CD515AB430F00B1A75F /* de */,
			);
			name = Localizable.strings;
			sourceTree = "<group>";
		};
/* End PBXVariantGroup section */

/* Begin XCBuildConfiguration section */
		FDCA526015A8D02100D67E0C /* Debug */ = {
			isa = XCBuildConfiguration;
			buildSettings = {
				ALWAYS_SEARCH_USER_PATHS = NO;
				ARCHS = "$(ARCHS_STANDARD_32_BIT)";
				CLANG_ENABLE_OBJC_ARC = YES;
				CODE_SIGN_IDENTITY = "iPhone Developer: Fraenz Friederes (2YZPHWZTZX)";
				"CODE_SIGN_IDENTITY[sdk=iphoneos*]" = "iPhone Developer";
				COPY_PHASE_STRIP = NO;
				GCC_C_LANGUAGE_STANDARD = gnu99;
				GCC_DYNAMIC_NO_PIC = NO;
				GCC_OPTIMIZATION_LEVEL = 0;
				GCC_PREPROCESSOR_DEFINITIONS = (
					"DEBUG=1",
					"$(inherited)",
				);
				GCC_SYMBOLS_PRIVATE_EXTERN = NO;
				GCC_VERSION = com.apple.compilers.llvm.clang.1_0;
				GCC_WARN_ABOUT_RETURN_TYPE = YES;
				GCC_WARN_UNINITIALIZED_AUTOS = YES;
				GCC_WARN_UNUSED_VARIABLE = YES;
				IPHONEOS_DEPLOYMENT_TARGET = 5.0;
				PROVISIONING_PROFILE = "6C2B24C3-9876-4855-B373-D77191611506";
				SDKROOT = iphoneos;
				TARGETED_DEVICE_FAMILY = "1,2";
			};
			name = Debug;
		};
		FDCA526115A8D02100D67E0C /* Release */ = {
			isa = XCBuildConfiguration;
			buildSettings = {
				ALWAYS_SEARCH_USER_PATHS = NO;
				ARCHS = "$(ARCHS_STANDARD_32_BIT)";
				CLANG_ENABLE_OBJC_ARC = YES;
				CODE_SIGN_IDENTITY = "iPhone Developer: Fraenz Friederes (2YZPHWZTZX)";
				"CODE_SIGN_IDENTITY[sdk=iphoneos*]" = "iPhone Developer";
				COPY_PHASE_STRIP = YES;
				GCC_C_LANGUAGE_STANDARD = gnu99;
				GCC_VERSION = com.apple.compilers.llvm.clang.1_0;
				GCC_WARN_ABOUT_RETURN_TYPE = YES;
				GCC_WARN_UNINITIALIZED_AUTOS = YES;
				GCC_WARN_UNUSED_VARIABLE = YES;
				IPHONEOS_DEPLOYMENT_TARGET = 5.0;
				OTHER_CFLAGS = "-DNS_BLOCK_ASSERTIONS=1";
				PROVISIONING_PROFILE = "6C2B24C3-9876-4855-B373-D77191611506";
				SDKROOT = iphoneos;
				TARGETED_DEVICE_FAMILY = "1,2";
				VALIDATE_PRODUCT = YES;
			};
			name = Release;
		};
		FDCA526315A8D02100D67E0C /* Debug */ = {
			isa = XCBuildConfiguration;
			buildSettings = {
				CODE_SIGN_IDENTITY = "iPhone Developer";
				GCC_PRECOMPILE_PREFIX_HEADER = YES;
				GCC_PREFIX_HEADER = "Fusel/Fusel-Prefix.pch";
				INFOPLIST_FILE = "Fusel/Fusel-Info.plist";
				IPHONEOS_DEPLOYMENT_TARGET = 5.0;
				PRODUCT_NAME = "$(TARGET_NAME)";
				PROVISIONING_PROFILE = "";
				TARGETED_DEVICE_FAMILY = 1;
				WRAPPER_EXTENSION = app;
			};
			name = Debug;
		};
		FDCA526415A8D02100D67E0C /* Release */ = {
			isa = XCBuildConfiguration;
			buildSettings = {
				CODE_SIGN_IDENTITY = "iPhone Distribution";
				GCC_PRECOMPILE_PREFIX_HEADER = YES;
				GCC_PREFIX_HEADER = "Fusel/Fusel-Prefix.pch";
				INFOPLIST_FILE = "Fusel/Fusel-Info.plist";
				IPHONEOS_DEPLOYMENT_TARGET = 5.0;
				PRODUCT_NAME = "$(TARGET_NAME)";
				PROVISIONING_PROFILE = "";
				TARGETED_DEVICE_FAMILY = 1;
				WRAPPER_EXTENSION = app;
			};
			name = Release;
		};
/* End XCBuildConfiguration section */

/* Begin XCConfigurationList section */
		FDCA524415A8D02100D67E0C /* Build configuration list for PBXProject "Fusel" */ = {
			isa = XCConfigurationList;
			buildConfigurations = (
				FDCA526015A8D02100D67E0C /* Debug */,
				FDCA526115A8D02100D67E0C /* Release */,
			);
			defaultConfigurationIsVisible = 0;
			defaultConfigurationName = Release;
		};
		FDCA526215A8D02100D67E0C /* Build configuration list for PBXNativeTarget "Fusel" */ = {
			isa = XCConfigurationList;
			buildConfigurations = (
				FDCA526315A8D02100D67E0C /* Debug */,
				FDCA526415A8D02100D67E0C /* Release */,
			);
			defaultConfigurationIsVisible = 0;
			defaultConfigurationName = Release;
		};
/* End XCConfigurationList section */
	};
	rootObject = FDCA524115A8D02100D67E0C /* Project object */;
}
